// !$*UTF8*$!
{
	archiveVersion = 1;
	classes = {
	};
	objectVersion = 56;
	objects = {

/* Begin PBXBuildFile section */
		127CFA3C28FF9063000463D9 /* DiffableCollectionViewController.swift in Sources */ = {isa = PBXBuildFile; fileRef = 127CFA3B28FF9063000463D9 /* DiffableCollectionViewController.swift */; };
		1283655B2906238F00E2FF78 /* RxCocoa in Frameworks */ = {isa = PBXBuildFile; productRef = 1283655A2906238F00E2FF78 /* RxCocoa */; };
		1283655D2906238F00E2FF78 /* RxSwift in Frameworks */ = {isa = PBXBuildFile; productRef = 1283655C2906238F00E2FF78 /* RxSwift */; };
		12836562290625DC00E2FF78 /* RxCocoaExampleViewController.swift in Sources */ = {isa = PBXBuildFile; fileRef = 12836561290625DC00E2FF78 /* RxCocoaExampleViewController.swift */; };
		128CAF5428FE2D9600B69F3A /* AppDelegate.swift in Sources */ = {isa = PBXBuildFile; fileRef = 128CAF5328FE2D9600B69F3A /* AppDelegate.swift */; };
		128CAF5628FE2D9600B69F3A /* SceneDelegate.swift in Sources */ = {isa = PBXBuildFile; fileRef = 128CAF5528FE2D9600B69F3A /* SceneDelegate.swift */; };
		128CAF5828FE2D9600B69F3A /* SimpleTableViewController.swift in Sources */ = {isa = PBXBuildFile; fileRef = 128CAF5728FE2D9600B69F3A /* SimpleTableViewController.swift */; };
		128CAF5B28FE2D9600B69F3A /* Main.storyboard in Resources */ = {isa = PBXBuildFile; fileRef = 128CAF5928FE2D9600B69F3A /* Main.storyboard */; };
		128CAF5D28FE2D9700B69F3A /* Assets.xcassets in Resources */ = {isa = PBXBuildFile; fileRef = 128CAF5C28FE2D9700B69F3A /* Assets.xcassets */; };
		128CAF6028FE2D9700B69F3A /* LaunchScreen.storyboard in Resources */ = {isa = PBXBuildFile; fileRef = 128CAF5E28FE2D9700B69F3A /* LaunchScreen.storyboard */; };
		128CAF6A28FE3E7200B69F3A /* SimpleCollectionViewController.swift in Sources */ = {isa = PBXBuildFile; fileRef = 128CAF6928FE3E7200B69F3A /* SimpleCollectionViewController.swift */; };
		12F7E7822900CF86007383F1 /* CObservable.swift in Sources */ = {isa = PBXBuildFile; fileRef = 12F7E7812900CF86007383F1 /* CObservable.swift */; };
		12F7E7842900D132007383F1 /* NewsViewController.swift in Sources */ = {isa = PBXBuildFile; fileRef = 12F7E7832900D132007383F1 /* NewsViewController.swift */; };
		12F7E7862900D243007383F1 /* NewsViewModel.swift in Sources */ = {isa = PBXBuildFile; fileRef = 12F7E7852900D243007383F1 /* NewsViewModel.swift */; };
		12F7E7882900D77C007383F1 /* News.swift in Sources */ = {isa = PBXBuildFile; fileRef = 12F7E7872900D77C007383F1 /* News.swift */; };
		12F7E78A2900ED68007383F1 /* DiffableViewModel.swift in Sources */ = {isa = PBXBuildFile; fileRef = 12F7E7892900ED68007383F1 /* DiffableViewModel.swift */; };
		12F7E78C2900EDEE007383F1 /* APIService.swift in Sources */ = {isa = PBXBuildFile; fileRef = 12F7E78B2900EDEE007383F1 /* APIService.swift */; };
		12F7E78E2900EE57007383F1 /* APIKey.swift in Sources */ = {isa = PBXBuildFile; fileRef = 12F7E78D2900EE57007383F1 /* APIKey.swift */; };
		12F7E7902900EF74007383F1 /* SearchPhoto.swift in Sources */ = {isa = PBXBuildFile; fileRef = 12F7E78F2900EF74007383F1 /* SearchPhoto.swift */; };
		12F7E7932900F115007383F1 /* Alamofire in Frameworks */ = {isa = PBXBuildFile; productRef = 12F7E7922900F115007383F1 /* Alamofire */; };
		12F7E7962900F125007383F1 /* Kingfisher in Frameworks */ = {isa = PBXBuildFile; productRef = 12F7E7952900F125007383F1 /* Kingfisher */; };
/* End PBXBuildFile section */

/* Begin PBXFileReference section */
		127CFA3B28FF9063000463D9 /* DiffableCollectionViewController.swift */ = {isa = PBXFileReference; lastKnownFileType = sourcecode.swift; path = DiffableCollectionViewController.swift; sourceTree = "<group>"; };
		12836561290625DC00E2FF78 /* RxCocoaExampleViewController.swift */ = {isa = PBXFileReference; lastKnownFileType = sourcecode.swift; path = RxCocoaExampleViewController.swift; sourceTree = "<group>"; };
		128CAF5028FE2D9600B69F3A /* SeSACWeek1617.app */ = {isa = PBXFileReference; explicitFileType = wrapper.application; includeInIndex = 0; path = SeSACWeek1617.app; sourceTree = BUILT_PRODUCTS_DIR; };
		128CAF5328FE2D9600B69F3A /* AppDelegate.swift */ = {isa = PBXFileReference; lastKnownFileType = sourcecode.swift; path = AppDelegate.swift; sourceTree = "<group>"; };
		128CAF5528FE2D9600B69F3A /* SceneDelegate.swift */ = {isa = PBXFileReference; lastKnownFileType = sourcecode.swift; path = SceneDelegate.swift; sourceTree = "<group>"; };
		128CAF5728FE2D9600B69F3A /* SimpleTableViewController.swift */ = {isa = PBXFileReference; lastKnownFileType = sourcecode.swift; path = SimpleTableViewController.swift; sourceTree = "<group>"; };
		128CAF5A28FE2D9600B69F3A /* Base */ = {isa = PBXFileReference; lastKnownFileType = file.storyboard; name = Base; path = Base.lproj/Main.storyboard; sourceTree = "<group>"; };
		128CAF5C28FE2D9700B69F3A /* Assets.xcassets */ = {isa = PBXFileReference; lastKnownFileType = folder.assetcatalog; path = Assets.xcassets; sourceTree = "<group>"; };
		128CAF5F28FE2D9700B69F3A /* Base */ = {isa = PBXFileReference; lastKnownFileType = file.storyboard; name = Base; path = Base.lproj/LaunchScreen.storyboard; sourceTree = "<group>"; };
		128CAF6128FE2D9700B69F3A /* Info.plist */ = {isa = PBXFileReference; lastKnownFileType = text.plist.xml; path = Info.plist; sourceTree = "<group>"; };
		128CAF6928FE3E7200B69F3A /* SimpleCollectionViewController.swift */ = {isa = PBXFileReference; lastKnownFileType = sourcecode.swift; path = SimpleCollectionViewController.swift; sourceTree = "<group>"; };
		12F7E7812900CF86007383F1 /* CObservable.swift */ = {isa = PBXFileReference; lastKnownFileType = sourcecode.swift; path = CObservable.swift; sourceTree = "<group>"; };
		12F7E7832900D132007383F1 /* NewsViewController.swift */ = {isa = PBXFileReference; lastKnownFileType = sourcecode.swift; path = NewsViewController.swift; sourceTree = "<group>"; };
		12F7E7852900D243007383F1 /* NewsViewModel.swift */ = {isa = PBXFileReference; lastKnownFileType = sourcecode.swift; path = NewsViewModel.swift; sourceTree = "<group>"; };
		12F7E7872900D77C007383F1 /* News.swift */ = {isa = PBXFileReference; lastKnownFileType = sourcecode.swift; path = News.swift; sourceTree = "<group>"; };
		12F7E7892900ED68007383F1 /* DiffableViewModel.swift */ = {isa = PBXFileReference; lastKnownFileType = sourcecode.swift; path = DiffableViewModel.swift; sourceTree = "<group>"; };
		12F7E78B2900EDEE007383F1 /* APIService.swift */ = {isa = PBXFileReference; lastKnownFileType = sourcecode.swift; path = APIService.swift; sourceTree = "<group>"; };
		12F7E78D2900EE57007383F1 /* APIKey.swift */ = {isa = PBXFileReference; lastKnownFileType = sourcecode.swift; path = APIKey.swift; sourceTree = "<group>"; };
		12F7E78F2900EF74007383F1 /* SearchPhoto.swift */ = {isa = PBXFileReference; lastKnownFileType = sourcecode.swift; path = SearchPhoto.swift; sourceTree = "<group>"; };
/* End PBXFileReference section */

/* Begin PBXFrameworksBuildPhase section */
		128CAF4D28FE2D9600B69F3A /* Frameworks */ = {
			isa = PBXFrameworksBuildPhase;
			buildActionMask = 2147483647;
			files = (
				1283655B2906238F00E2FF78 /* RxCocoa in Frameworks */,
				12F7E7962900F125007383F1 /* Kingfisher in Frameworks */,
				1283655D2906238F00E2FF78 /* RxSwift in Frameworks */,
				12F7E7932900F115007383F1 /* Alamofire in Frameworks */,
			);
			runOnlyForDeploymentPostprocessing = 0;
		};
/* End PBXFrameworksBuildPhase section */

/* Begin PBXGroup section */
		1283655E290625A300E2FF78 /* Rx */ = {
			isa = PBXGroup;
			children = (
				12836561290625DC00E2FF78 /* RxCocoaExampleViewController.swift */,
			);
			path = Rx;
			sourceTree = "<group>";
		};
		128CAF4728FE2D9600B69F3A = {
			isa = PBXGroup;
			children = (
				128CAF5228FE2D9600B69F3A /* SeSACWeek1617 */,
				128CAF5128FE2D9600B69F3A /* Products */,
			);
			sourceTree = "<group>";
		};
		128CAF5128FE2D9600B69F3A /* Products */ = {
			isa = PBXGroup;
			children = (
				128CAF5028FE2D9600B69F3A /* SeSACWeek1617.app */,
			);
			name = Products;
			sourceTree = "<group>";
		};
		128CAF5228FE2D9600B69F3A /* SeSACWeek1617 */ = {
			isa = PBXGroup;
			children = (
				1283655E290625A300E2FF78 /* Rx */,
				12F7E7802900CCBD007383F1 /* MVVMSample */,
				128CAF5328FE2D9600B69F3A /* AppDelegate.swift */,
				128CAF5528FE2D9600B69F3A /* SceneDelegate.swift */,
				128CAF5728FE2D9600B69F3A /* SimpleTableViewController.swift */,
				128CAF6928FE3E7200B69F3A /* SimpleCollectionViewController.swift */,
				128CAF5928FE2D9600B69F3A /* Main.storyboard */,
				127CFA3B28FF9063000463D9 /* DiffableCollectionViewController.swift */,
				12F7E7892900ED68007383F1 /* DiffableViewModel.swift */,
				128CAF5C28FE2D9700B69F3A /* Assets.xcassets */,
				128CAF5E28FE2D9700B69F3A /* LaunchScreen.storyboard */,
				128CAF6128FE2D9700B69F3A /* Info.plist */,
				12F7E78B2900EDEE007383F1 /* APIService.swift */,
				12F7E78D2900EE57007383F1 /* APIKey.swift */,
				12F7E78F2900EF74007383F1 /* SearchPhoto.swift */,
			);
			path = SeSACWeek1617;
			sourceTree = "<group>";
		};
		12F7E7802900CCBD007383F1 /* MVVMSample */ = {
			isa = PBXGroup;
			children = (
				12F7E7812900CF86007383F1 /* CObservable.swift */,
				12F7E7832900D132007383F1 /* NewsViewController.swift */,
				12F7E7852900D243007383F1 /* NewsViewModel.swift */,
				12F7E7872900D77C007383F1 /* News.swift */,
			);
			path = MVVMSample;
			sourceTree = "<group>";
		};
/* End PBXGroup section */

/* Begin PBXNativeTarget section */
		128CAF4F28FE2D9600B69F3A /* SeSACWeek1617 */ = {
			isa = PBXNativeTarget;
			buildConfigurationList = 128CAF6428FE2D9700B69F3A /* Build configuration list for PBXNativeTarget "SeSACWeek1617" */;
			buildPhases = (
				128CAF4C28FE2D9600B69F3A /* Sources */,
				128CAF4D28FE2D9600B69F3A /* Frameworks */,
				128CAF4E28FE2D9600B69F3A /* Resources */,
			);
			buildRules = (
			);
			dependencies = (
			);
			name = SeSACWeek1617;
			packageProductDependencies = (
				12F7E7922900F115007383F1 /* Alamofire */,
				12F7E7952900F125007383F1 /* Kingfisher */,
				1283655A2906238F00E2FF78 /* RxCocoa */,
				1283655C2906238F00E2FF78 /* RxSwift */,
			);
			productName = SeSACWeek1617;
			productReference = 128CAF5028FE2D9600B69F3A /* SeSACWeek1617.app */;
			productType = "com.apple.product-type.application";
		};
/* End PBXNativeTarget section */

/* Begin PBXProject section */
		128CAF4828FE2D9600B69F3A /* Project object */ = {
			isa = PBXProject;
			attributes = {
				BuildIndependentTargetsInParallel = 1;
				LastSwiftUpdateCheck = 1400;
				LastUpgradeCheck = 1400;
				TargetAttributes = {
					128CAF4F28FE2D9600B69F3A = {
						CreatedOnToolsVersion = 14.0;
					};
				};
			};
			buildConfigurationList = 128CAF4B28FE2D9600B69F3A /* Build configuration list for PBXProject "SeSACWeek1617" */;
			compatibilityVersion = "Xcode 14.0";
			developmentRegion = en;
			hasScannedForEncodings = 0;
			knownRegions = (
				en,
				Base,
			);
			mainGroup = 128CAF4728FE2D9600B69F3A;
			packageReferences = (
				12F7E7912900F115007383F1 /* XCRemoteSwiftPackageReference "Alamofire" */,
				12F7E7942900F125007383F1 /* XCRemoteSwiftPackageReference "Kingfisher" */,
				128365592906238F00E2FF78 /* XCRemoteSwiftPackageReference "RxSwift" */,
			);
			productRefGroup = 128CAF5128FE2D9600B69F3A /* Products */;
			projectDirPath = "";
			projectRoot = "";
			targets = (
				128CAF4F28FE2D9600B69F3A /* SeSACWeek1617 */,
			);
		};
/* End PBXProject section */

/* Begin PBXResourcesBuildPhase section */
		128CAF4E28FE2D9600B69F3A /* Resources */ = {
			isa = PBXResourcesBuildPhase;
			buildActionMask = 2147483647;
			files = (
				128CAF6028FE2D9700B69F3A /* LaunchScreen.storyboard in Resources */,
				128CAF5D28FE2D9700B69F3A /* Assets.xcassets in Resources */,
				128CAF5B28FE2D9600B69F3A /* Main.storyboard in Resources */,
			);
			runOnlyForDeploymentPostprocessing = 0;
		};
/* End PBXResourcesBuildPhase section */

/* Begin PBXSourcesBuildPhase section */
		128CAF4C28FE2D9600B69F3A /* Sources */ = {
			isa = PBXSourcesBuildPhase;
			buildActionMask = 2147483647;
			files = (
				12F7E7822900CF86007383F1 /* CObservable.swift in Sources */,
				128CAF6A28FE3E7200B69F3A /* SimpleCollectionViewController.swift in Sources */,
				128CAF5828FE2D9600B69F3A /* SimpleTableViewController.swift in Sources */,
				12F7E7882900D77C007383F1 /* News.swift in Sources */,
				12F7E78C2900EDEE007383F1 /* APIService.swift in Sources */,
				128CAF5428FE2D9600B69F3A /* AppDelegate.swift in Sources */,
				12F7E7842900D132007383F1 /* NewsViewController.swift in Sources */,
				127CFA3C28FF9063000463D9 /* DiffableCollectionViewController.swift in Sources */,
				12F7E7902900EF74007383F1 /* SearchPhoto.swift in Sources */,
				128CAF5628FE2D9600B69F3A /* SceneDelegate.swift in Sources */,
				12F7E7862900D243007383F1 /* NewsViewModel.swift in Sources */,
				12F7E78E2900EE57007383F1 /* APIKey.swift in Sources */,
				12F7E78A2900ED68007383F1 /* DiffableViewModel.swift in Sources */,
				12836562290625DC00E2FF78 /* RxCocoaExampleViewController.swift in Sources */,
			);
			runOnlyForDeploymentPostprocessing = 0;
		};
/* End PBXSourcesBuildPhase section */

/* Begin PBXVariantGroup section */
		128CAF5928FE2D9600B69F3A /* Main.storyboard */ = {
			isa = PBXVariantGroup;
			children = (
				128CAF5A28FE2D9600B69F3A /* Base */,
			);
			name = Main.storyboard;
			sourceTree = "<group>";
		};
		128CAF5E28FE2D9700B69F3A /* LaunchScreen.storyboard */ = {
			isa = PBXVariantGroup;
			children = (
				128CAF5F28FE2D9700B69F3A /* Base */,
			);
			name = LaunchScreen.storyboard;
			sourceTree = "<group>";
		};
/* End PBXVariantGroup section */

/* Begin XCBuildConfiguration section */
		128CAF6228FE2D9700B69F3A /* Debug */ = {
			isa = XCBuildConfiguration;
			buildSettings = {
				ALWAYS_SEARCH_USER_PATHS = NO;
				CLANG_ANALYZER_NONNULL = YES;
				CLANG_ANALYZER_NUMBER_OBJECT_CONVERSION = YES_AGGRESSIVE;
				CLANG_CXX_LANGUAGE_STANDARD = "gnu++20";
				CLANG_ENABLE_MODULES = YES;
				CLANG_ENABLE_OBJC_ARC = YES;
				CLANG_ENABLE_OBJC_WEAK = YES;
				CLANG_WARN_BLOCK_CAPTURE_AUTORELEASING = YES;
				CLANG_WARN_BOOL_CONVERSION = YES;
				CLANG_WARN_COMMA = YES;
				CLANG_WARN_CONSTANT_CONVERSION = YES;
				CLANG_WARN_DEPRECATED_OBJC_IMPLEMENTATIONS = YES;
				CLANG_WARN_DIRECT_OBJC_ISA_USAGE = YES_ERROR;
				CLANG_WARN_DOCUMENTATION_COMMENTS = YES;
				CLANG_WARN_EMPTY_BODY = YES;
				CLANG_WARN_ENUM_CONVERSION = YES;
				CLANG_WARN_INFINITE_RECURSION = YES;
				CLANG_WARN_INT_CONVERSION = YES;
				CLANG_WARN_NON_LITERAL_NULL_CONVERSION = YES;
				CLANG_WARN_OBJC_IMPLICIT_RETAIN_SELF = YES;
				CLANG_WARN_OBJC_LITERAL_CONVERSION = YES;
				CLANG_WARN_OBJC_ROOT_CLASS = YES_ERROR;
				CLANG_WARN_QUOTED_INCLUDE_IN_FRAMEWORK_HEADER = YES;
				CLANG_WARN_RANGE_LOOP_ANALYSIS = YES;
				CLANG_WARN_STRICT_PROTOTYPES = YES;
				CLANG_WARN_SUSPICIOUS_MOVE = YES;
				CLANG_WARN_UNGUARDED_AVAILABILITY = YES_AGGRESSIVE;
				CLANG_WARN_UNREACHABLE_CODE = YES;
				CLANG_WARN__DUPLICATE_METHOD_MATCH = YES;
				COPY_PHASE_STRIP = NO;
				DEBUG_INFORMATION_FORMAT = dwarf;
				ENABLE_STRICT_OBJC_MSGSEND = YES;
				ENABLE_TESTABILITY = YES;
				GCC_C_LANGUAGE_STANDARD = gnu11;
				GCC_DYNAMIC_NO_PIC = NO;
				GCC_NO_COMMON_BLOCKS = YES;
				GCC_OPTIMIZATION_LEVEL = 0;
				GCC_PREPROCESSOR_DEFINITIONS = (
					"DEBUG=1",
					"$(inherited)",
				);
				GCC_WARN_64_TO_32_BIT_CONVERSION = YES;
				GCC_WARN_ABOUT_RETURN_TYPE = YES_ERROR;
				GCC_WARN_UNDECLARED_SELECTOR = YES;
				GCC_WARN_UNINITIALIZED_AUTOS = YES_AGGRESSIVE;
				GCC_WARN_UNUSED_FUNCTION = YES;
				GCC_WARN_UNUSED_VARIABLE = YES;
				IPHONEOS_DEPLOYMENT_TARGET = 16.0;
				MTL_ENABLE_DEBUG_INFO = INCLUDE_SOURCE;
				MTL_FAST_MATH = YES;
				ONLY_ACTIVE_ARCH = YES;
				SDKROOT = iphoneos;
				SWIFT_ACTIVE_COMPILATION_CONDITIONS = DEBUG;
				SWIFT_OPTIMIZATION_LEVEL = "-Onone";
			};
			name = Debug;
		};
		128CAF6328FE2D9700B69F3A /* Release */ = {
			isa = XCBuildConfiguration;
			buildSettings = {
				ALWAYS_SEARCH_USER_PATHS = NO;
				CLANG_ANALYZER_NONNULL = YES;
				CLANG_ANALYZER_NUMBER_OBJECT_CONVERSION = YES_AGGRESSIVE;
				CLANG_CXX_LANGUAGE_STANDARD = "gnu++20";
				CLANG_ENABLE_MODULES = YES;
				CLANG_ENABLE_OBJC_ARC = YES;
				CLANG_ENABLE_OBJC_WEAK = YES;
				CLANG_WARN_BLOCK_CAPTURE_AUTORELEASING = YES;
				CLANG_WARN_BOOL_CONVERSION = YES;
				CLANG_WARN_COMMA = YES;
				CLANG_WARN_CONSTANT_CONVERSION = YES;
				CLANG_WARN_DEPRECATED_OBJC_IMPLEMENTATIONS = YES;
				CLANG_WARN_DIRECT_OBJC_ISA_USAGE = YES_ERROR;
				CLANG_WARN_DOCUMENTATION_COMMENTS = YES;
				CLANG_WARN_EMPTY_BODY = YES;
				CLANG_WARN_ENUM_CONVERSION = YES;
				CLANG_WARN_INFINITE_RECURSION = YES;
				CLANG_WARN_INT_CONVERSION = YES;
				CLANG_WARN_NON_LITERAL_NULL_CONVERSION = YES;
				CLANG_WARN_OBJC_IMPLICIT_RETAIN_SELF = YES;
				CLANG_WARN_OBJC_LITERAL_CONVERSION = YES;
				CLANG_WARN_OBJC_ROOT_CLASS = YES_ERROR;
				CLANG_WARN_QUOTED_INCLUDE_IN_FRAMEWORK_HEADER = YES;
				CLANG_WARN_RANGE_LOOP_ANALYSIS = YES;
				CLANG_WARN_STRICT_PROTOTYPES = YES;
				CLANG_WARN_SUSPICIOUS_MOVE = YES;
				CLANG_WARN_UNGUARDED_AVAILABILITY = YES_AGGRESSIVE;
				CLANG_WARN_UNREACHABLE_CODE = YES;
				CLANG_WARN__DUPLICATE_METHOD_MATCH = YES;
				COPY_PHASE_STRIP = NO;
				DEBUG_INFORMATION_FORMAT = "dwarf-with-dsym";
				ENABLE_NS_ASSERTIONS = NO;
				ENABLE_STRICT_OBJC_MSGSEND = YES;
				GCC_C_LANGUAGE_STANDARD = gnu11;
				GCC_NO_COMMON_BLOCKS = YES;
				GCC_WARN_64_TO_32_BIT_CONVERSION = YES;
				GCC_WARN_ABOUT_RETURN_TYPE = YES_ERROR;
				GCC_WARN_UNDECLARED_SELECTOR = YES;
				GCC_WARN_UNINITIALIZED_AUTOS = YES_AGGRESSIVE;
				GCC_WARN_UNUSED_FUNCTION = YES;
				GCC_WARN_UNUSED_VARIABLE = YES;
				IPHONEOS_DEPLOYMENT_TARGET = 16.0;
				MTL_ENABLE_DEBUG_INFO = NO;
				MTL_FAST_MATH = YES;
				SDKROOT = iphoneos;
				SWIFT_COMPILATION_MODE = wholemodule;
				SWIFT_OPTIMIZATION_LEVEL = "-O";
				VALIDATE_PRODUCT = YES;
			};
			name = Release;
		};
		128CAF6528FE2D9700B69F3A /* Debug */ = {
			isa = XCBuildConfiguration;
			buildSettings = {
				ASSETCATALOG_COMPILER_APPICON_NAME = AppIcon;
				ASSETCATALOG_COMPILER_GLOBAL_ACCENT_COLOR_NAME = AccentColor;
				CODE_SIGN_STYLE = Automatic;
				CURRENT_PROJECT_VERSION = 1;
				DEVELOPMENT_TEAM = 9QNSJTHSUQ;
				GENERATE_INFOPLIST_FILE = YES;
				INFOPLIST_FILE = SeSACWeek1617/Info.plist;
				INFOPLIST_KEY_UIApplicationSupportsIndirectInputEvents = YES;
				INFOPLIST_KEY_UILaunchStoryboardName = LaunchScreen;
				INFOPLIST_KEY_UIMainStoryboardFile = Main;
				INFOPLIST_KEY_UISupportedInterfaceOrientations_iPad = "UIInterfaceOrientationPortrait UIInterfaceOrientationPortraitUpsideDown UIInterfaceOrientationLandscapeLeft UIInterfaceOrientationLandscapeRight";
				INFOPLIST_KEY_UISupportedInterfaceOrientations_iPhone = "UIInterfaceOrientationPortrait UIInterfaceOrientationLandscapeLeft UIInterfaceOrientationLandscapeRight";
				LD_RUNPATH_SEARCH_PATHS = (
					"$(inherited)",
					"@executable_path/Frameworks",
				);
				MARKETING_VERSION = 1.0;
				PRODUCT_BUNDLE_IDENTIFIER = com.joongwon.SeSACWeek1617;
				PRODUCT_NAME = "$(TARGET_NAME)";
				SWIFT_EMIT_LOC_STRINGS = YES;
				SWIFT_VERSION = 5.0;
				TARGETED_DEVICE_FAMILY = "1,2";
			};
			name = Debug;
		};
		128CAF6628FE2D9700B69F3A /* Release */ = {
			isa = XCBuildConfiguration;
			buildSettings = {
				ASSETCATALOG_COMPILER_APPICON_NAME = AppIcon;
				ASSETCATALOG_COMPILER_GLOBAL_ACCENT_COLOR_NAME = AccentColor;
				CODE_SIGN_STYLE = Automatic;
				CURRENT_PROJECT_VERSION = 1;
				DEVELOPMENT_TEAM = 9QNSJTHSUQ;
				GENERATE_INFOPLIST_FILE = YES;
				INFOPLIST_FILE = SeSACWeek1617/Info.plist;
				INFOPLIST_KEY_UIApplicationSupportsIndirectInputEvents = YES;
				INFOPLIST_KEY_UILaunchStoryboardName = LaunchScreen;
				INFOPLIST_KEY_UIMainStoryboardFile = Main;
				INFOPLIST_KEY_UISupportedInterfaceOrientations_iPad = "UIInterfaceOrientationPortrait UIInterfaceOrientationPortraitUpsideDown UIInterfaceOrientationLandscapeLeft UIInterfaceOrientationLandscapeRight";
				INFOPLIST_KEY_UISupportedInterfaceOrientations_iPhone = "UIInterfaceOrientationPortrait UIInterfaceOrientationLandscapeLeft UIInterfaceOrientationLandscapeRight";
				LD_RUNPATH_SEARCH_PATHS = (
					"$(inherited)",
					"@executable_path/Frameworks",
				);
				MARKETING_VERSION = 1.0;
				PRODUCT_BUNDLE_IDENTIFIER = com.joongwon.SeSACWeek1617;
				PRODUCT_NAME = "$(TARGET_NAME)";
				SWIFT_EMIT_LOC_STRINGS = YES;
				SWIFT_VERSION = 5.0;
				TARGETED_DEVICE_FAMILY = "1,2";
			};
			name = Release;
		};
/* End XCBuildConfiguration section */

/* Begin XCConfigurationList section */
		128CAF4B28FE2D9600B69F3A /* Build configuration list for PBXProject "SeSACWeek1617" */ = {
			isa = XCConfigurationList;
			buildConfigurations = (
				128CAF6228FE2D9700B69F3A /* Debug */,
				128CAF6328FE2D9700B69F3A /* Release */,
			);
			defaultConfigurationIsVisible = 0;
			defaultConfigurationName = Release;
		};
		128CAF6428FE2D9700B69F3A /* Build configuration list for PBXNativeTarget "SeSACWeek1617" */ = {
			isa = XCConfigurationList;
			buildConfigurations = (
				128CAF6528FE2D9700B69F3A /* Debug */,
				128CAF6628FE2D9700B69F3A /* Release */,
			);
			defaultConfigurationIsVisible = 0;
			defaultConfigurationName = Release;
		};
/* End XCConfigurationList section */

/* Begin XCRemoteSwiftPackageReference section */
		128365592906238F00E2FF78 /* XCRemoteSwiftPackageReference "RxSwift" */ = {
			isa = XCRemoteSwiftPackageReference;
			repositoryURL = "https://github.com/ReactiveX/RxSwift.git";
			requirement = {
				kind = upToNextMajorVersion;
				minimumVersion = 6.0.0;
			};
		};
		12F7E7912900F115007383F1 /* XCRemoteSwiftPackageReference "Alamofire" */ = {
			isa = XCRemoteSwiftPackageReference;
			repositoryURL = "https://github.com/Alamofire/Alamofire.git";
			requirement = {
				kind = upToNextMajorVersion;
				minimumVersion = 5.0.0;
			};
		};
		12F7E7942900F125007383F1 /* XCRemoteSwiftPackageReference "Kingfisher" */ = {
			isa = XCRemoteSwiftPackageReference;
			repositoryURL = "https://github.com/onevcat/Kingfisher.git";
			requirement = {
				kind = upToNextMajorVersion;
				minimumVersion = 7.0.0;
			};
		};
/* End XCRemoteSwiftPackageReference section */

/* Begin XCSwiftPackageProductDependency section */
		1283655A2906238F00E2FF78 /* RxCocoa */ = {
			isa = XCSwiftPackageProductDependency;
			package = 128365592906238F00E2FF78 /* XCRemoteSwiftPackageReference "RxSwift" */;
			productName = RxCocoa;
		};
		1283655C2906238F00E2FF78 /* RxSwift */ = {
			isa = XCSwiftPackageProductDependency;
			package = 128365592906238F00E2FF78 /* XCRemoteSwiftPackageReference "RxSwift" */;
			productName = RxSwift;
		};
		12F7E7922900F115007383F1 /* Alamofire */ = {
			isa = XCSwiftPackageProductDependency;
			package = 12F7E7912900F115007383F1 /* XCRemoteSwiftPackageReference "Alamofire" */;
			productName = Alamofire;
		};
		12F7E7952900F125007383F1 /* Kingfisher */ = {
			isa = XCSwiftPackageProductDependency;
			package = 12F7E7942900F125007383F1 /* XCRemoteSwiftPackageReference "Kingfisher" */;
			productName = Kingfisher;
		};
/* End XCSwiftPackageProductDependency section */
	};
	rootObject = 128CAF4828FE2D9600B69F3A /* Project object */;
}
